Microsoft Visual Studio Solution File, Format Version 12.00
# Visual Studio Version 17
VisualStudioVersion = 17.12.35527.113
MinimumVisualStudioVersion = 10.0.40219.1
Project("{FAE04EC0-301F-11D3-BF4B-00C04F79EFBC}") = "Ash again", "Ash again\Ash again.csproj", "{F9AB8308-21FE-4A58-8CF9-0254C6A1F191}"
EndProject
Project("{FAE04EC0-301F-11D3-BF4B-00C04F79EFBC}") = "Ash again.AppHost", "Ash again.AppHost\Ash again.AppHost.csproj", "{AB2E7D9C-1AC7-47FC-A023-891BA64C1480}"
EndProject
Project("{FAE04EC0-301F-11D3-BF4B-00C04F79EFBC}") = "Ash again.ServiceDefaults", "Ash again.ServiceDefaults\Ash again.ServiceDefaults.csproj", "{83EFE1E5-53C5-469D-A8F8-AD50F3C3C4FA}"
EndProject
Global
	GlobalSection(SolutionConfigurationPlatforms) = preSolution
		Debug|Any CPU = Debug|Any CPU
		Release|Any CPU = Release|Any CPU
	EndGlobalSection
	GlobalSection(ProjectConfigurationPlatforms) = postSolution
		{F9AB8308-21FE-4A58-8CF9-0254C6A1F191}.Debug|Any CPU.ActiveCfg = Debug|Any CPU
		{F9AB8308-21FE-4A58-8CF9-0254C6A1F191}.Debug|Any CPU.Build.0 = Debug|Any CPU
		{F9AB8308-21FE-4A58-8CF9-0254C6A1F191}.Release|Any CPU.ActiveCfg = Release|Any CPU
		{F9AB8308-21FE-4A58-8CF9-0254C6A1F191}.Release|Any CPU.Build.0 = Release|Any CPU
		{AB2E7D9C-1AC7-47FC-A023-891BA64C1480}.Debug|Any CPU.ActiveCfg = Debug|Any CPU
		{AB2E7D9C-1AC7-47FC-A023-891BA64C1480}.Debug|Any CPU.Build.0 = Debug|Any CPU
		{AB2E7D9C-1AC7-47FC-A023-891BA64C1480}.Release|Any CPU.ActiveCfg = Release|Any CPU
		{AB2E7D9C-1AC7-47FC-A023-891BA64C1480}.Release|Any CPU.Build.0 = Release|Any CPU
		{83EFE1E5-53C5-469D-A8F8-AD50F3C3C4FA}.Debug|Any CPU.ActiveCfg = Debug|Any CPU
		{83EFE1E5-53C5-469D-A8F8-AD50F3C3C4FA}.Debug|Any CPU.Build.0 = Debug|Any CPU
		{83EFE1E5-53C5-469D-A8F8-AD50F3C3C4FA}.Release|Any CPU.ActiveCfg = Release|Any CPU
		{83EFE1E5-53C5-469D-A8F8-AD50F3C3C4FA}.Release|Any CPU.Build.0 = Release|Any CPU
	EndGlobalSection
	GlobalSection(SolutionProperties) = preSolution
		HideSolutionNode = FALSE
	EndGlobalSection
EndGlobal
